<?xml version="1.0" encoding="utf-8"?>
<Project ToolsVersion="4.0" xmlns="http://schemas.microsoft.com/developer/msbuild/2003">
  <ItemGroup>
    <ClCompile Include="dllmain.cpp" />
    <ClCompile Include="PCH\pch.cpp" />
    <ClCompile Include="Utils\Console\Console.cpp" />
    <ClCompile Include="Utils\Logging\Logging.cpp" />
    <ClCompile Include="Utils\Utils.cpp" />
    <ClCompile Include="Features\ExampleFeature\ExampleFeature.cpp" />
    <ClCompile Include="GUI\GUI.cpp" />
    <ClCompile Include="Config\Config.cpp" />
    <ClCompile Include="Localization\Localization.cpp" />
    <ClCompile Include="Libs\ImGUI\imgui.cpp" />
    <ClCompile Include="Libs\ImGUI\imgui_draw.cpp" />
    <ClCompile Include="Libs\ImGUI\imgui_tables.cpp" />
    <ClCompile Include="Libs\ImGUI\imgui_widgets.cpp" />
    <ClCompile Include="Hooks\Renderer\D3D11Hooks.cpp" />
    <ClCompile Include="Hooks\Renderer\D3D12Hooks.cpp" />
    <ClCompile Include="Hooks\Renderer\RendererHooks.cpp" />
    <ClCompile Include="Hooks\WndProc\WndProcHooks.cpp" />
    <ClCompile Include="Memory\Windows\WindowsMemory.cpp" />
    <ClCompile Include="Memory\Memory.cpp" />
    <ClCompile Include="Libs\ImGui\backends\imgui_impl_dx11.cpp" />
    <ClCompile Include="Libs\ImGui\backends\imgui_impl_dx12.cpp" />
    <ClCompile Include="Libs\ImGui\backends\imgui_impl_win32.cpp" />
    <ClCompile Include="Libs\ImGUI\misc\freetype\imgui_freetype.cpp" />
    <ClCompile Include="Libs\ImGUI\misc\cpp\imgui_stdlib.cpp" />
    <ClCompile Include="GUI\Addons\imgui_addons.cpp" />
  </ItemGroup>
  <ItemGroup>
    <ClInclude Include="PCH\pch.h" />
    <ClInclude Include="Includes.h" />
    <ClInclude Include="Utils\Utils.h" />
    <ClInclude Include="Utils\Console\Console.h" />
    <ClInclude Include="Utils\Logging\Colors.hpp" />
    <ClInclude Include="Utils\Logging\Logging.h" />
    <ClInclude Include="FrameworkConfig.h" />
    <ClInclude Include="Features\ExampleFeature\ExampleFeature.h" />
    <ClInclude Include="Features\Feature.h" />
    <ClInclude Include="GUI\Menu\Menu.h" />
    <ClInclude Include="GUI\Custom.h" />
    <ClInclude Include="GUI\GUI.h" />
    <ClInclude Include="GUI\Styles.h" />
    <ClInclude Include="GUI\Watermark.h" />
    <ClInclude Include="Config\Config.h" />
    <ClInclude Include="Interfaces\Unity\Mono\jit\jit.h" />
    <ClInclude Include="Interfaces\Unity\Mono\metadata\appdomain.h" />
    <ClInclude Include="Interfaces\Unity\Mono\metadata\assembly.h" />
    <ClInclude Include="Interfaces\Unity\Mono\metadata\attrdefs.h" />
    <ClInclude Include="Interfaces\Unity\Mono\metadata\blob.h" />
    <ClInclude Include="Interfaces\Unity\Mono\metadata\class.h" />
    <ClInclude Include="Interfaces\Unity\Mono\metadata\debug-helpers.h" />
    <ClInclude Include="Interfaces\Unity\Mono\metadata\debug-mono-symfile.h" />
    <ClInclude Include="Interfaces\Unity\Mono\metadata\environment.h" />
    <ClInclude Include="Interfaces\Unity\Mono\metadata\exception.h" />
    <ClInclude Include="Interfaces\Unity\Mono\metadata\image.h" />
    <ClInclude Include="Interfaces\Unity\Mono\metadata\loader.h" />
    <ClInclude Include="Interfaces\Unity\Mono\metadata\metadata.h" />
    <ClInclude Include="Interfaces\Unity\Mono\metadata\mono-config.h" />
    <ClInclude Include="Interfaces\Unity\Mono\metadata\mono-debug.h" />
    <ClInclude Include="Interfaces\Unity\Mono\metadata\mono-gc.h" />
    <ClInclude Include="Interfaces\Unity\Mono\metadata\object.h" />
    <ClInclude Include="Interfaces\Unity\Mono\metadata\object-forward.h" />
    <ClInclude Include="Interfaces\Unity\Mono\metadata\opcodes.h" />
    <ClInclude Include="Interfaces\Unity\Mono\metadata\profiler.h" />
    <ClInclude Include="Interfaces\Unity\Mono\metadata\profiler-events.h" />
    <ClInclude Include="Interfaces\Unity\Mono\metadata\reflection.h" />
    <ClInclude Include="Interfaces\Unity\Mono\metadata\row-indexes.h" />
    <ClInclude Include="Interfaces\Unity\Mono\metadata\sgen-bridge.h" />
    <ClInclude Include="Interfaces\Unity\Mono\metadata\threads.h" />
    <ClInclude Include="Interfaces\Unity\Mono\metadata\tokentype.h" />
    <ClInclude Include="Interfaces\Unity\Mono\metadata\verify.h" />
    <ClInclude Include="Interfaces\Unity\Mono\utils\mono-counters.h" />
    <ClInclude Include="Interfaces\Unity\Mono\utils\mono-dl-fallback.h" />
    <ClInclude Include="Interfaces\Unity\Mono\utils\mono-error.h" />
    <ClInclude Include="Interfaces\Unity\Mono\utils\mono-forward.h" />
    <ClInclude Include="Interfaces\Unity\Mono\utils\mono-jemalloc.h" />
    <ClInclude Include="Interfaces\Unity\Mono\utils\mono-logger.h" />
    <ClInclude Include="Interfaces\Unity\Mono\utils\mono-publib.h" />
    <ClInclude Include="Interfaces\Unity\Mono.h" />
    <ClInclude Include="Interfaces\Unity\UnityConfig.h" />
    <ClInclude Include="Interfaces\Unreal\Unreal.h" />
    <ClInclude Include="Interfaces\Unreal\UnrealConfig.h" />
    <ClInclude Include="Libs\MinHook\MinHook.h" />
    <ClInclude Include="Localization\Locales\English.h" />
    <ClInclude Include="Localization\Locales\German.h" />
    <ClInclude Include="Localization\Locales\Polish.h" />
    <ClInclude Include="Localization\LocaleStructs.h" />
    <ClInclude Include="Localization\Localization.h" />
    <ClInclude Include="Libs\CRC64\CRC64.h" />
    <ClInclude Include="Libs\Nlohmann.json\json.hpp" />
    <ClInclude Include="Libs\ImGUI\imconfig.h" />
    <ClInclude Include="Libs\ImGUI\imgui.h" />
    <ClInclude Include="Libs\ImGUI\imgui_internal.h" />
    <ClInclude Include="Libs\ImGUI\imstb_rectpack.h" />
    <ClInclude Include="Libs\ImGUI\imstb_textedit.h" />
    <ClInclude Include="Libs\ImGUI\imstb_truetype.h" />
    <ClInclude Include="Hooks\Renderer\RendererHooks.h" />
    <ClInclude Include="Hooks\WndProc\WndProcHooks.h" />
    <ClInclude Include="Libs\StringToBytes\stb.h" />
    <ClInclude Include="Memory\Windows\WindowsMemory.h" />
    <ClInclude Include="Memory\Windows\WindowsTypes.h" />
    <ClInclude Include="Memory\Memory.h" />
    <ClInclude Include="Interfaces\Unreal\SDK.h" />
    <ClInclude Include="Libs\MinHook\include\MinHook.h" />
    <ClInclude Include="Libs\ImGui\backends\imgui_impl_dx11.h" />
    <ClInclude Include="Libs\ImGui\backends\imgui_impl_dx12.h" />
    <ClInclude Include="Libs\ImGui\backends\imgui_impl_win32.h" />
    <ClInclude Include="Libs\ImGUI\misc\freetype\imgui_freetype.h" />
    <ClInclude Include="Libs\ImGUI\misc\cpp\imgui_stdlib.h" />
    <ClInclude Include="GUI\Addons\imgui_addons.h" />
    <ClInclude Include="GUI\Fonts\IconsFontAwesome6.h" />
    <ClInclude Include="GUI\Fonts\IconsFontAwesome6_Bytes.h" />
    <ClInclude Include="GUI\Fonts\IconsFontAwesome6Brands.h" />
    <ClInclude Include="GUI\Fonts\IconsFontAwesome6Brands_Bytes.h" />
    <ClInclude Include="GUI\Fonts\MuseoSans.h" />
    <ClInclude Include="GUI\Fonts\Poppins_Medium.h" />
    <ClInclude Include="Libs\FreeType\include\ft2build.h" />
    <ClInclude Include="Libs\FreeType\include\freetype\config\ftconfig.h" />
    <ClInclude Include="Libs\FreeType\include\freetype\config\ftheader.h" />
    <ClInclude Include="Libs\FreeType\include\freetype\config\ftmodule.h" />
    <ClInclude Include="Libs\FreeType\include\freetype\config\ftoption.h" />
    <ClInclude Include="Libs\FreeType\include\freetype\config\ftstdlib.h" />
    <ClInclude Include="Libs\FreeType\include\freetype\config\integer-types.h" />
    <ClInclude Include="Libs\FreeType\include\freetype\config\mac-support.h" />
    <ClInclude Include="Libs\FreeType\include\freetype\config\public-macros.h" />
    <ClInclude Include="Libs\FreeType\include\freetype\internal\services\svbdf.h" />
    <ClInclude Include="Libs\FreeType\include\freetype\internal\services\svcfftl.h" />
    <ClInclude Include="Libs\FreeType\include\freetype\internal\services\svcid.h" />
    <ClInclude Include="Libs\FreeType\include\freetype\internal\services\svfntfmt.h" />
    <ClInclude Include="Libs\FreeType\include\freetype\internal\services\svgldict.h" />
    <ClInclude Include="Libs\FreeType\include\freetype\internal\services\svgxval.h" />
    <ClInclude Include="Libs\FreeType\include\freetype\internal\services\svkern.h" />
    <ClInclude Include="Libs\FreeType\include\freetype\internal\services\svmetric.h" />
    <ClInclude Include="Libs\FreeType\include\freetype\internal\services\svmm.h" />
    <ClInclude Include="Libs\FreeType\include\freetype\internal\services\svotval.h" />
    <ClInclude Include="Libs\FreeType\include\freetype\internal\services\svpfr.h" />
    <ClInclude Include="Libs\FreeType\include\freetype\internal\services\svpostnm.h" />
    <ClInclude Include="Libs\FreeType\include\freetype\internal\services\svprop.h" />
    <ClInclude Include="Libs\FreeType\include\freetype\internal\services\svpscmap.h" />
    <ClInclude Include="Libs\FreeType\include\freetype\internal\services\svpsinfo.h" />
    <ClInclude Include="Libs\FreeType\include\freetype\internal\services\svsfnt.h" />
    <ClInclude Include="Libs\FreeType\include\freetype\internal\services\svttcmap.h" />
    <ClInclude Include="Libs\FreeType\include\freetype\internal\services\svtteng.h" />
    <ClInclude Include="Libs\FreeType\include\freetype\internal\services\svttglyf.h" />
    <ClInclude Include="Libs\FreeType\include\freetype\internal\services\svwinfnt.h" />
    <ClInclude Include="Libs\FreeType\include\freetype\internal\autohint.h" />
    <ClInclude Include="Libs\FreeType\include\freetype\internal\cffotypes.h" />
    <ClInclude Include="Libs\FreeType\include\freetype\internal\cfftypes.h" />
    <ClInclude Include="Libs\FreeType\include\freetype\internal\compiler-macros.h" />
    <ClInclude Include="Libs\FreeType\include\freetype\internal\ftcalc.h" />
    <ClInclude Include="Libs\FreeType\include\freetype\internal\ftdebug.h" />
    <ClInclude Include="Libs\FreeType\include\freetype\internal\ftdrv.h" />
    <ClInclude Include="Libs\FreeType\include\freetype\internal\ftgloadr.h" />
    <ClInclude Include="Libs\FreeType\include\freetype\internal\fthash.h" />
    <ClInclude Include="Libs\FreeType\include\freetype\internal\ftmemory.h" />
    <ClInclude Include="Libs\FreeType\include\freetype\internal\ftmmtypes.h" />
    <ClInclude Include="Libs\FreeType\include\freetype\internal\ftobjs.h" />
    <ClInclude Include="Libs\FreeType\include\freetype\internal\ftpsprop.h" />
    <ClInclude Include="Libs\FreeType\include\freetype\internal\ftrfork.h" />
    <ClInclude Include="Libs\FreeType\include\freetype\internal\ftserv.h" />
    <ClInclude Include="Libs\FreeType\include\freetype\internal\ftstream.h" />
    <ClInclude Include="Libs\FreeType\include\freetype\internal\fttrace.h" />
    <ClInclude Include="Libs\FreeType\include\freetype\internal\ftvalid.h" />
    <ClInclude Include="Libs\FreeType\include\freetype\internal\psaux.h" />
    <ClInclude Include="Libs\FreeType\include\freetype\internal\pshints.h" />
    <ClInclude Include="Libs\FreeType\include\freetype\internal\sfnt.h" />
    <ClInclude Include="Libs\FreeType\include\freetype\internal\svginterface.h" />
    <ClInclude Include="Libs\FreeType\include\freetype\internal\t1types.h" />
    <ClInclude Include="Libs\FreeType\include\freetype\internal\tttypes.h" />
    <ClInclude Include="Libs\FreeType\include\freetype\internal\wofftypes.h" />
    <ClInclude Include="Libs\FreeType\include\freetype\freetype.h" />
    <ClInclude Include="Libs\FreeType\include\freetype\ftadvanc.h" />
    <ClInclude Include="Libs\FreeType\include\freetype\ftbbox.h" />
    <ClInclude Include="Libs\FreeType\include\freetype\ftbdf.h" />
    <ClInclude Include="Libs\FreeType\include\freetype\ftbitmap.h" />
    <ClInclude Include="Libs\FreeType\include\freetype\ftbzip2.h" />
    <ClInclude Include="Libs\FreeType\include\freetype\ftcache.h" />
    <ClInclude Include="Libs\FreeType\include\freetype\ftchapters.h" />
    <ClInclude Include="Libs\FreeType\include\freetype\ftcid.h" />
    <ClInclude Include="Libs\FreeType\include\freetype\ftcolor.h" />
    <ClInclude Include="Libs\FreeType\include\freetype\ftdriver.h" />
    <ClInclude Include="Libs\FreeType\include\freetype\fterrdef.h" />
    <ClInclude Include="Libs\FreeType\include\freetype\fterrors.h" />
    <ClInclude Include="Libs\FreeType\include\freetype\ftfntfmt.h" />
    <ClInclude Include="Libs\FreeType\include\freetype\ftgasp.h" />
    <ClInclude Include="Libs\FreeType\include\freetype\ftglyph.h" />
    <ClInclude Include="Libs\FreeType\include\freetype\ftgxval.h" />
    <ClInclude Include="Libs\FreeType\include\freetype\ftgzip.h" />
    <ClInclude Include="Libs\FreeType\include\freetype\ftimage.h" />
    <ClInclude Include="Libs\FreeType\include\freetype\ftincrem.h" />
    <ClInclude Include="Libs\FreeType\include\freetype\ftlcdfil.h" />
    <ClInclude Include="Libs\FreeType\include\freetype\ftlist.h" />
    <ClInclude Include="Libs\FreeType\include\freetype\ftlogging.h" />
    <ClInclude Include="Libs\FreeType\include\freetype\ftlzw.h" />
    <ClInclude Include="Libs\FreeType\include\freetype\ftmac.h" />
    <ClInclude Include="Libs\FreeType\include\freetype\ftmm.h" />
    <ClInclude Include="Libs\FreeType\include\freetype\ftmodapi.h" />
    <ClInclude Include="Libs\FreeType\include\freetype\ftmoderr.h" />
    <ClInclude Include="Libs\FreeType\include\freetype\ftotval.h" />
    <ClInclude Include="Libs\FreeType\include\freetype\ftoutln.h" />
    <ClInclude Include="Libs\FreeType\include\freetype\ftparams.h" />
    <ClInclude Include="Libs\FreeType\include\freetype\ftpfr.h" />
    <ClInclude Include="Libs\FreeType\include\freetype\ftrender.h" />
    <ClInclude Include="Libs\FreeType\include\freetype\ftsizes.h" />
    <ClInclude Include="Libs\FreeType\include\freetype\ftsnames.h" />
    <ClInclude Include="Libs\FreeType\include\freetype\ftstroke.h" />
    <ClInclude Include="Libs\FreeType\include\freetype\ftsynth.h" />
    <ClInclude Include="Libs\FreeType\include\freetype\ftsystem.h" />
    <ClInclude Include="Libs\FreeType\include\freetype\fttrigon.h" />
    <ClInclude Include="Libs\FreeType\include\freetype\fttypes.h" />
    <ClInclude Include="Libs\FreeType\include\freetype\ftwinfnt.h" />
    <ClInclude Include="Libs\FreeType\include\freetype\otsvg.h" />
    <ClInclude Include="Libs\FreeType\include\freetype\t1tables.h" />
    <ClInclude Include="Libs\FreeType\include\freetype\ttnameid.h" />
    <ClInclude Include="Libs\FreeType\include\freetype\tttables.h" />
    <ClInclude Include="Libs\FreeType\include\freetype\tttags.h" />
  </ItemGroup>
  <ItemGroup>
    <None Include="Interfaces\Unity\Mono\cil\opcode.def" />
  </ItemGroup>
</Project>